
Microsoft Visual Studio Solution File, Format Version 12.00
# Visual Studio Version 16
VisualStudioVersion = 16.0.31129.286
MinimumVisualStudioVersion = 10.0.40219.1
Project("{FAE04EC0-301F-11D3-BF4B-00C04F79EFBC}") = "MatrixSpiralize", "MatrixSpiralize\MatrixSpiralize.csproj", "{9DC06D6D-3A73-43B7-8FCF-DC372B93928E}"
EndProject
Project("{FAE04EC0-301F-11D3-BF4B-00C04F79EFBC}") = "MatrixSpiralizeTestProject", "MatrixSpiralizeTestProject\MatrixSpiralizeTestProject.csproj", "{ED18510F-16C8-4BA1-89EF-E8FF3966213D}"
EndProject
Global
	GlobalSection(SolutionConfigurationPlatforms) = preSolution
		Debug|Any CPU = Debug|Any CPU
		Release|Any CPU = Release|Any CPU
	EndGlobalSection
	GlobalSection(ProjectConfigurationPlatforms) = postSolution
		{9DC06D6D-3A73-43B7-8FCF-DC372B93928E}.Debug|Any CPU.ActiveCfg = Debug|Any CPU
		{9DC06D6D-3A73-43B7-8FCF-DC372B93928E}.Debug|Any CPU.Build.0 = Debug|Any CPU
		{9DC06D6D-3A73-43B7-8FCF-DC372B93928E}.Release|Any CPU.ActiveCfg = Release|Any CPU
		{9DC06D6D-3A73-43B7-8FCF-DC372B93928E}.Release|Any CPU.Build.0 = Release|Any CPU
		{ED18510F-16C8-4BA1-89EF-E8FF3966213D}.Debug|Any CPU.ActiveCfg = Debug|Any CPU
		{ED18510F-16C8-4BA1-89EF-E8FF3966213D}.Debug|Any CPU.Build.0 = Debug|Any CPU
		{ED18510F-16C8-4BA1-89EF-E8FF3966213D}.Release|Any CPU.ActiveCfg = Release|Any CPU
		{ED18510F-16C8-4BA1-89EF-E8FF3966213D}.Release|Any CPU.Build.0 = Release|Any CPU
	EndGlobalSection
	GlobalSection(SolutionProperties) = preSolution
		HideSolutionNode = FALSE
	EndGlobalSection
	GlobalSection(ExtensibilityGlobals) = postSolution
		SolutionGuid = {27E4FF11-E141-4261-BF06-AAD124B40E5D}
	EndGlobalSection
EndGlobal
